
Microsoft Visual Studio Solution File, Format Version 12.00
# Visual Studio 15
VisualStudioVersion = 15.0.27428.2015
MinimumVisualStudioVersion = 10.0.40219.1
Project("{2150E333-8FDC-42A3-9474-1A3956D46DE8}") = ".paket", ".paket", "{CC7E32DD-D3E7-4B1B-AF7D-C5C4646BE2EB}"
	ProjectSection(SolutionItems) = preProject
		paket.dependencies = paket.dependencies
	EndProjectSection
EndProject
Project("{F2A71F9B-5D33-465A-A702-920D77279786}") = "Chimayo.Ssis.Common", "src\Chimayo.Ssis.Common\Chimayo.Ssis.Common.fsproj", "{60DE70BE-5238-4684-9F41-AF17495E93BA}"
EndProject
Project("{F2A71F9B-5D33-465A-A702-920D77279786}") = "Chimayo.Ssis.Xml", "src\Chimayo.Ssis.Xml\Chimayo.Ssis.Xml.fsproj", "{C5670AD1-618B-4F64-889F-910BB849FBD9}"
EndProject
Project("{F2A71F9B-5D33-465A-A702-920D77279786}") = "Chimayo.Ssis.Ast", "src\Chimayo.Ssis.Ast\Chimayo.Ssis.Ast.fsproj", "{566E4220-D9CF-4F31-9909-AAFC7F5B0C2F}"
EndProject
Project("{F2A71F9B-5D33-465A-A702-920D77279786}") = "Chimayo.Ssis.CodeGen", "src\Chimayo.Ssis.CodeGen\Chimayo.Ssis.CodeGen.fsproj", "{0B6C7F30-0EEA-4BD5-843B-904A9D8FF3F5}"
EndProject
Project("{F2A71F9B-5D33-465A-A702-920D77279786}") = "Chimayo.Ssis.Reader2008", "src\Chimayo.Ssis.Reader2008\Chimayo.Ssis.Reader2008.fsproj", "{6CBC4EF2-A554-4FF7-AF45-1FD7E36EBA70}"
EndProject
Project("{F2A71F9B-5D33-465A-A702-920D77279786}") = "Chimayo.Ssis.Reader2012", "src\Chimayo.Ssis.Reader2012\Chimayo.Ssis.Reader2012.fsproj", "{EADD330A-7E9F-4EB0-A3BE-613BD33DA079}"
EndProject
Project("{F2A71F9B-5D33-465A-A702-920D77279786}") = "Chimayo.Ssis.Reader2016", "src\Chimayo.Ssis.Reader2016\Chimayo.Ssis.Reader2016.fsproj", "{F0BF015A-F9B0-43AC-A2AA-DD7AB24A299B}"
EndProject
Project("{F2A71F9B-5D33-465A-A702-920D77279786}") = "Chimayo.Ssis.Writer2012", "src\Chimayo.Ssis.Writer2012\Chimayo.Ssis.Writer2012.fsproj", "{EE3ACFE7-BC03-4961-949B-10CD3B99A162}"
EndProject
Project("{F2A71F9B-5D33-465A-A702-920D77279786}") = "Chimayo.Ssis.Writer2016", "src\Chimayo.Ssis.Writer2016\Chimayo.Ssis.Writer2016.fsproj", "{E36552A2-0A5A-4C3A-8624-C7DF1CDA6229}"
EndProject
Project("{F2A71F9B-5D33-465A-A702-920D77279786}") = "Chimayo.Ssis.CommandLine", "src\Chimayo.Ssis.CommandLine\Chimayo.Ssis.CommandLine.fsproj", "{2C76B4ED-F9F8-44E2-BE14-32F732D8C5A2}"
EndProject
Project("{2150E333-8FDC-42A3-9474-1A3956D46DE8}") = "src", "src", "{3EBA8B9D-5648-4A58-86C7-33091C98DB8F}"
EndProject
Project("{2150E333-8FDC-42A3-9474-1A3956D46DE8}") = "test", "test", "{B0B65E19-6B60-4C1E-BFC4-89EDC0C58C02}"
EndProject
Project("{F2A71F9B-5D33-465A-A702-920D77279786}") = "Chimayo.Ssis.Tests", "tests\Chimayo.Ssis.Tests\Chimayo.Ssis.Tests.fsproj", "{C6581D86-EC9F-4B76-B442-8A57BC5B86FC}"
EndProject
Project("{F2A71F9B-5D33-465A-A702-920D77279786}") = "Chimayo.Ssis.TestHarness", "tests\Chimayo.Ssis.TestHarness\Chimayo.Ssis.TestHarness.fsproj", "{47502294-AA38-43A5-99D3-43350789E8F2}"
EndProject
Project("{2150E333-8FDC-42A3-9474-1A3956D46DE8}") = "docs", "docs", "{1F6BFA2A-7AE5-4492-B1B2-4A3F11C81027}"
EndProject
Project("{2150E333-8FDC-42A3-9474-1A3956D46DE8}") = "content", "content", "{271C7FD6-C386-46C4-BEB2-6256F0855301}"
	ProjectSection(SolutionItems) = preProject
		docs\content\contributing.md = docs\content\contributing.md
		docs\content\gettingstarted.md = docs\content\gettingstarted.md
		docs\content\index.fsx = docs\content\index.fsx
		docs\content\intro.md = docs\content\intro.md
	EndProjectSection
EndProject
Project("{2150E333-8FDC-42A3-9474-1A3956D46DE8}") = "tools", "tools", "{8692FB35-BDDE-444B-B4D3-2AAE7D03C772}"
EndProject
Project("{2150E333-8FDC-42A3-9474-1A3956D46DE8}") = "templates", "templates", "{6F1E99D9-A061-422D-94CD-BC1918F99D48}"
	ProjectSection(SolutionItems) = preProject
		docs\tools\templates\template.cshtml = docs\tools\templates\template.cshtml
	EndProjectSection
EndProject
Project("{2150E333-8FDC-42A3-9474-1A3956D46DE8}") = "Solution Items", "Solution Items", "{0F563291-DE2F-4BE9-9D6E-CAE81397F7FE}"
	ProjectSection(SolutionItems) = preProject
		CHANGELOG.md = CHANGELOG.md
		CONTRIBUTORS = CONTRIBUTORS
		LICENSE.txt = LICENSE.txt
		NOTICE = NOTICE
		README.md = README.md
		RELEASE_NOTES.md = RELEASE_NOTES.md
	EndProjectSection
EndProject
Global
	GlobalSection(SolutionConfigurationPlatforms) = preSolution
		Debug|Any CPU = Debug|Any CPU
		Release|Any CPU = Release|Any CPU
	EndGlobalSection
	GlobalSection(ProjectConfigurationPlatforms) = postSolution
		{60DE70BE-5238-4684-9F41-AF17495E93BA}.Debug|Any CPU.ActiveCfg = Debug|Any CPU
		{60DE70BE-5238-4684-9F41-AF17495E93BA}.Debug|Any CPU.Build.0 = Debug|Any CPU
		{60DE70BE-5238-4684-9F41-AF17495E93BA}.Release|Any CPU.ActiveCfg = Release|Any CPU
		{60DE70BE-5238-4684-9F41-AF17495E93BA}.Release|Any CPU.Build.0 = Release|Any CPU
		{C5670AD1-618B-4F64-889F-910BB849FBD9}.Debug|Any CPU.ActiveCfg = Debug|Any CPU
		{C5670AD1-618B-4F64-889F-910BB849FBD9}.Debug|Any CPU.Build.0 = Debug|Any CPU
		{C5670AD1-618B-4F64-889F-910BB849FBD9}.Release|Any CPU.ActiveCfg = Release|Any CPU
		{C5670AD1-618B-4F64-889F-910BB849FBD9}.Release|Any CPU.Build.0 = Release|Any CPU
		{566E4220-D9CF-4F31-9909-AAFC7F5B0C2F}.Debug|Any CPU.ActiveCfg = Debug|Any CPU
		{566E4220-D9CF-4F31-9909-AAFC7F5B0C2F}.Debug|Any CPU.Build.0 = Debug|Any CPU
		{566E4220-D9CF-4F31-9909-AAFC7F5B0C2F}.Release|Any CPU.ActiveCfg = Release|Any CPU
		{566E4220-D9CF-4F31-9909-AAFC7F5B0C2F}.Release|Any CPU.Build.0 = Release|Any CPU
		{0B6C7F30-0EEA-4BD5-843B-904A9D8FF3F5}.Debug|Any CPU.ActiveCfg = Debug|Any CPU
		{0B6C7F30-0EEA-4BD5-843B-904A9D8FF3F5}.Debug|Any CPU.Build.0 = Debug|Any CPU
		{0B6C7F30-0EEA-4BD5-843B-904A9D8FF3F5}.Release|Any CPU.ActiveCfg = Release|Any CPU
		{0B6C7F30-0EEA-4BD5-843B-904A9D8FF3F5}.Release|Any CPU.Build.0 = Release|Any CPU
		{6CBC4EF2-A554-4FF7-AF45-1FD7E36EBA70}.Debug|Any CPU.ActiveCfg = Debug|Any CPU
		{6CBC4EF2-A554-4FF7-AF45-1FD7E36EBA70}.Debug|Any CPU.Build.0 = Debug|Any CPU
		{6CBC4EF2-A554-4FF7-AF45-1FD7E36EBA70}.Release|Any CPU.ActiveCfg = Release|Any CPU
		{6CBC4EF2-A554-4FF7-AF45-1FD7E36EBA70}.Release|Any CPU.Build.0 = Release|Any CPU
		{EADD330A-7E9F-4EB0-A3BE-613BD33DA079}.Debug|Any CPU.ActiveCfg = Debug|Any CPU
		{EADD330A-7E9F-4EB0-A3BE-613BD33DA079}.Debug|Any CPU.Build.0 = Debug|Any CPU
		{EADD330A-7E9F-4EB0-A3BE-613BD33DA079}.Release|Any CPU.ActiveCfg = Release|Any CPU
		{EADD330A-7E9F-4EB0-A3BE-613BD33DA079}.Release|Any CPU.Build.0 = Release|Any CPU
		{F0BF015A-F9B0-43AC-A2AA-DD7AB24A299B}.Debug|Any CPU.ActiveCfg = Debug|Any CPU
		{F0BF015A-F9B0-43AC-A2AA-DD7AB24A299B}.Debug|Any CPU.Build.0 = Debug|Any CPU
		{F0BF015A-F9B0-43AC-A2AA-DD7AB24A299B}.Release|Any CPU.ActiveCfg = Release|Any CPU
		{F0BF015A-F9B0-43AC-A2AA-DD7AB24A299B}.Release|Any CPU.Build.0 = Release|Any CPU
		{EE3ACFE7-BC03-4961-949B-10CD3B99A162}.Debug|Any CPU.ActiveCfg = Debug|Any CPU
		{EE3ACFE7-BC03-4961-949B-10CD3B99A162}.Debug|Any CPU.Build.0 = Debug|Any CPU
		{EE3ACFE7-BC03-4961-949B-10CD3B99A162}.Release|Any CPU.ActiveCfg = Release|Any CPU
		{EE3ACFE7-BC03-4961-949B-10CD3B99A162}.Release|Any CPU.Build.0 = Release|Any CPU
		{E36552A2-0A5A-4C3A-8624-C7DF1CDA6229}.Debug|Any CPU.ActiveCfg = Debug|Any CPU
		{E36552A2-0A5A-4C3A-8624-C7DF1CDA6229}.Debug|Any CPU.Build.0 = Debug|Any CPU
		{E36552A2-0A5A-4C3A-8624-C7DF1CDA6229}.Release|Any CPU.ActiveCfg = Release|Any CPU
		{E36552A2-0A5A-4C3A-8624-C7DF1CDA6229}.Release|Any CPU.Build.0 = Release|Any CPU
		{2C76B4ED-F9F8-44E2-BE14-32F732D8C5A2}.Debug|Any CPU.ActiveCfg = Debug|Any CPU
		{2C76B4ED-F9F8-44E2-BE14-32F732D8C5A2}.Debug|Any CPU.Build.0 = Debug|Any CPU
		{2C76B4ED-F9F8-44E2-BE14-32F732D8C5A2}.Release|Any CPU.ActiveCfg = Release|Any CPU
		{2C76B4ED-F9F8-44E2-BE14-32F732D8C5A2}.Release|Any CPU.Build.0 = Release|Any CPU
		{C6581D86-EC9F-4B76-B442-8A57BC5B86FC}.Debug|Any CPU.ActiveCfg = Debug|Any CPU
		{C6581D86-EC9F-4B76-B442-8A57BC5B86FC}.Debug|Any CPU.Build.0 = Debug|Any CPU
		{C6581D86-EC9F-4B76-B442-8A57BC5B86FC}.Release|Any CPU.ActiveCfg = Release|Any CPU
		{C6581D86-EC9F-4B76-B442-8A57BC5B86FC}.Release|Any CPU.Build.0 = Release|Any CPU
		{47502294-AA38-43A5-99D3-43350789E8F2}.Debug|Any CPU.ActiveCfg = Debug|Any CPU
		{47502294-AA38-43A5-99D3-43350789E8F2}.Debug|Any CPU.Build.0 = Debug|Any CPU
		{47502294-AA38-43A5-99D3-43350789E8F2}.Release|Any CPU.ActiveCfg = Release|Any CPU
		{47502294-AA38-43A5-99D3-43350789E8F2}.Release|Any CPU.Build.0 = Release|Any CPU
	EndGlobalSection
	GlobalSection(SolutionProperties) = preSolution
		HideSolutionNode = FALSE
	EndGlobalSection
	GlobalSection(NestedProjects) = preSolution
		{60DE70BE-5238-4684-9F41-AF17495E93BA} = {3EBA8B9D-5648-4A58-86C7-33091C98DB8F}
		{C5670AD1-618B-4F64-889F-910BB849FBD9} = {3EBA8B9D-5648-4A58-86C7-33091C98DB8F}
		{566E4220-D9CF-4F31-9909-AAFC7F5B0C2F} = {3EBA8B9D-5648-4A58-86C7-33091C98DB8F}
		{0B6C7F30-0EEA-4BD5-843B-904A9D8FF3F5} = {3EBA8B9D-5648-4A58-86C7-33091C98DB8F}
		{6CBC4EF2-A554-4FF7-AF45-1FD7E36EBA70} = {3EBA8B9D-5648-4A58-86C7-33091C98DB8F}
		{EADD330A-7E9F-4EB0-A3BE-613BD33DA079} = {3EBA8B9D-5648-4A58-86C7-33091C98DB8F}
		{F0BF015A-F9B0-43AC-A2AA-DD7AB24A299B} = {3EBA8B9D-5648-4A58-86C7-33091C98DB8F}
		{EE3ACFE7-BC03-4961-949B-10CD3B99A162} = {3EBA8B9D-5648-4A58-86C7-33091C98DB8F}
		{E36552A2-0A5A-4C3A-8624-C7DF1CDA6229} = {3EBA8B9D-5648-4A58-86C7-33091C98DB8F}
		{2C76B4ED-F9F8-44E2-BE14-32F732D8C5A2} = {3EBA8B9D-5648-4A58-86C7-33091C98DB8F}
		{C6581D86-EC9F-4B76-B442-8A57BC5B86FC} = {B0B65E19-6B60-4C1E-BFC4-89EDC0C58C02}
		{47502294-AA38-43A5-99D3-43350789E8F2} = {B0B65E19-6B60-4C1E-BFC4-89EDC0C58C02}
		{271C7FD6-C386-46C4-BEB2-6256F0855301} = {1F6BFA2A-7AE5-4492-B1B2-4A3F11C81027}
		{8692FB35-BDDE-444B-B4D3-2AAE7D03C772} = {1F6BFA2A-7AE5-4492-B1B2-4A3F11C81027}
		{6F1E99D9-A061-422D-94CD-BC1918F99D48} = {8692FB35-BDDE-444B-B4D3-2AAE7D03C772}
	EndGlobalSection
	GlobalSection(ExtensibilityGlobals) = postSolution
		SolutionGuid = {22A46AAC-91B4-4BC9-ABD7-B9D1213BDBF4}
	EndGlobalSection
EndGlobal
